
Microsoft Visual Studio Solution File, Format Version 12.00
# Visual Studio 15
VisualStudioVersion = 15.0.26730.3
MinimumVisualStudioVersion = 10.0.40219.1
Project("{00D1A9C2-B5F0-4AF3-8072-F6C62B433612}") = "Scripts", "Scripts\Scripts.sqlproj", "{F8EA1615-E19F-4A99-8400-6D93F14124AB}"
EndProject
Project("{FAE04EC0-301F-11D3-BF4B-00C04F79EFBC}") = "APIEstados", "APIEstados\APIEstados.csproj", "{C09CC098-7BAC-40D4-9220-95BBD6873858}"
EndProject
Global
	GlobalSection(SolutionConfigurationPlatforms) = preSolution
		Debug|Any CPU = Debug|Any CPU
		Release|Any CPU = Release|Any CPU
	EndGlobalSection
	GlobalSection(ProjectConfigurationPlatforms) = postSolution
		{F8EA1615-E19F-4A99-8400-6D93F14124AB}.Debug|Any CPU.ActiveCfg = Debug|Any CPU
		{F8EA1615-E19F-4A99-8400-6D93F14124AB}.Debug|Any CPU.Build.0 = Debug|Any CPU
		{F8EA1615-E19F-4A99-8400-6D93F14124AB}.Debug|Any CPU.Deploy.0 = Debug|Any CPU
		{F8EA1615-E19F-4A99-8400-6D93F14124AB}.Release|Any CPU.ActiveCfg = Release|Any CPU
		{F8EA1615-E19F-4A99-8400-6D93F14124AB}.Release|Any CPU.Build.0 = Release|Any CPU
		{F8EA1615-E19F-4A99-8400-6D93F14124AB}.Release|Any CPU.Deploy.0 = Release|Any CPU
		{C09CC098-7BAC-40D4-9220-95BBD6873858}.Debug|Any CPU.ActiveCfg = Debug|Any CPU
		{C09CC098-7BAC-40D4-9220-95BBD6873858}.Debug|Any CPU.Build.0 = Debug|Any CPU
		{C09CC098-7BAC-40D4-9220-95BBD6873858}.Release|Any CPU.ActiveCfg = Release|Any CPU
		{C09CC098-7BAC-40D4-9220-95BBD6873858}.Release|Any CPU.Build.0 = Release|Any CPU
	EndGlobalSection
	GlobalSection(SolutionProperties) = preSolution
		HideSolutionNode = FALSE
	EndGlobalSection
	GlobalSection(ExtensibilityGlobals) = postSolution
		SolutionGuid = {EADC8CDE-6B48-4051-9D63-B730473C64D2}
	EndGlobalSection
EndGlobal
